
Microsoft Visual Studio Solution File, Format Version 12.00
# Visual Studio Version 17
VisualStudioVersion = 17.13.35931.197 d17.13
MinimumVisualStudioVersion = 10.0.40219.1
Project("{8BC9CEB8-8B4A-11D0-8D11-00A0C91BC942}") = "eMTP-CUDA-V2", "eMTP-CUDA-V2.vcxproj", "{73C35406-4EA3-71A8-6BF8-98387D84162B}"
EndProject
Project("{888888A0-9F3D-457C-B088-3A5042F75D52}") = "EMTPVisualizer", "..\EMTPVisualizer\EMTPVisualizer.pyproj", "{F1525D15-02A4-48C7-8E8E-D68C08B4B626}"
EndProject
Project("{2150E333-8FDC-42A3-9474-1A3956D46DE8}") = "Solution Items", "Solution Items", "{8EC462FD-D22E-90A8-E5CE-7E832BA40C5D}"
	ProjectSection(SolutionItems) = preProject
		README.md = README.md
	EndProjectSection
EndProject
Global
	GlobalSection(SolutionConfigurationPlatforms) = preSolution
		Debug|Any CPU = Debug|Any CPU
		Debug|x64 = Debug|x64
		Release|Any CPU = Release|Any CPU
		Release|x64 = Release|x64
	EndGlobalSection
	GlobalSection(ProjectConfigurationPlatforms) = postSolution
		{73C35406-4EA3-71A8-6BF8-98387D84162B}.Debug|Any CPU.ActiveCfg = Debug|x64
		{73C35406-4EA3-71A8-6BF8-98387D84162B}.Debug|Any CPU.Build.0 = Debug|x64
		{73C35406-4EA3-71A8-6BF8-98387D84162B}.Debug|x64.ActiveCfg = Debug|x64
		{73C35406-4EA3-71A8-6BF8-98387D84162B}.Debug|x64.Build.0 = Debug|x64
		{73C35406-4EA3-71A8-6BF8-98387D84162B}.Release|Any CPU.ActiveCfg = Release|x64
		{73C35406-4EA3-71A8-6BF8-98387D84162B}.Release|Any CPU.Build.0 = Release|x64
		{73C35406-4EA3-71A8-6BF8-98387D84162B}.Release|x64.ActiveCfg = Release|x64
		{73C35406-4EA3-71A8-6BF8-98387D84162B}.Release|x64.Build.0 = Release|x64
		{F1525D15-02A4-48C7-8E8E-D68C08B4B626}.Debug|Any CPU.ActiveCfg = Debug|Any CPU
		{F1525D15-02A4-48C7-8E8E-D68C08B4B626}.Debug|x64.ActiveCfg = Debug|Any CPU
		{F1525D15-02A4-48C7-8E8E-D68C08B4B626}.Release|Any CPU.ActiveCfg = Release|Any CPU
		{F1525D15-02A4-48C7-8E8E-D68C08B4B626}.Release|x64.ActiveCfg = Release|Any CPU
	EndGlobalSection
	GlobalSection(SolutionProperties) = preSolution
		HideSolutionNode = FALSE
	EndGlobalSection
	GlobalSection(ExtensibilityGlobals) = postSolution
		SolutionGuid = {DD32A492-CBD2-43C0-8278-CE0A9A539BBF}
	EndGlobalSection
EndGlobal
